
Microsoft Visual Studio Solution File, Format Version 12.00
# Visual Studio Version 17
VisualStudioVersion = 17.14.36518.9
MinimumVisualStudioVersion = 10.0.40219.1
Project("{888888A0-9F3D-457C-B088-3A5042F75D52}") = "WebProject1", "WebProject1\WebProject1.pyproj", "{148A345D-88F0-4B30-91AE-2B756E87BB10}"
EndProject
Project("{FAE04EC0-301F-11D3-BF4B-00C04F79EFBC}") = "MICGame", "MICGame\MICGame.csproj", "{D9EBE33A-2B50-4D6D-B540-11AAA0B5B089}"
EndProject
Global
	GlobalSection(SolutionConfigurationPlatforms) = preSolution
		Debug|Any CPU = Debug|Any CPU
		Debug|x64 = Debug|x64
		Debug|x86 = Debug|x86
		Release|Any CPU = Release|Any CPU
		Release|x64 = Release|x64
		Release|x86 = Release|x86
	EndGlobalSection
	GlobalSection(ProjectConfigurationPlatforms) = postSolution
		{148A345D-88F0-4B30-91AE-2B756E87BB10}.Debug|Any CPU.ActiveCfg = Debug|Any CPU
		{148A345D-88F0-4B30-91AE-2B756E87BB10}.Debug|Any CPU.Build.0 = Debug|Any CPU
		{148A345D-88F0-4B30-91AE-2B756E87BB10}.Debug|x64.ActiveCfg = Debug|x64
		{148A345D-88F0-4B30-91AE-2B756E87BB10}.Debug|x64.Build.0 = Debug|x64
		{148A345D-88F0-4B30-91AE-2B756E87BB10}.Debug|x86.ActiveCfg = Debug|x86
		{148A345D-88F0-4B30-91AE-2B756E87BB10}.Debug|x86.Build.0 = Debug|x86
		{148A345D-88F0-4B30-91AE-2B756E87BB10}.Release|Any CPU.ActiveCfg = Release|Any CPU
		{148A345D-88F0-4B30-91AE-2B756E87BB10}.Release|Any CPU.Build.0 = Release|Any CPU
		{148A345D-88F0-4B30-91AE-2B756E87BB10}.Release|x64.ActiveCfg = Release|x64
		{148A345D-88F0-4B30-91AE-2B756E87BB10}.Release|x64.Build.0 = Release|x64
		{148A345D-88F0-4B30-91AE-2B756E87BB10}.Release|x86.ActiveCfg = Release|x86
		{148A345D-88F0-4B30-91AE-2B756E87BB10}.Release|x86.Build.0 = Release|x86
		{D9EBE33A-2B50-4D6D-B540-11AAA0B5B089}.Debug|Any CPU.ActiveCfg = Debug|Any CPU
		{D9EBE33A-2B50-4D6D-B540-11AAA0B5B089}.Debug|Any CPU.Build.0 = Debug|Any CPU
		{D9EBE33A-2B50-4D6D-B540-11AAA0B5B089}.Debug|x64.ActiveCfg = Debug|Any CPU
		{D9EBE33A-2B50-4D6D-B540-11AAA0B5B089}.Debug|x64.Build.0 = Debug|Any CPU
		{D9EBE33A-2B50-4D6D-B540-11AAA0B5B089}.Debug|x86.ActiveCfg = Debug|Any CPU
		{D9EBE33A-2B50-4D6D-B540-11AAA0B5B089}.Debug|x86.Build.0 = Debug|Any CPU
		{D9EBE33A-2B50-4D6D-B540-11AAA0B5B089}.Release|Any CPU.ActiveCfg = Release|Any CPU
		{D9EBE33A-2B50-4D6D-B540-11AAA0B5B089}.Release|Any CPU.Build.0 = Release|Any CPU
		{D9EBE33A-2B50-4D6D-B540-11AAA0B5B089}.Release|x64.ActiveCfg = Release|Any CPU
		{D9EBE33A-2B50-4D6D-B540-11AAA0B5B089}.Release|x64.Build.0 = Release|Any CPU
		{D9EBE33A-2B50-4D6D-B540-11AAA0B5B089}.Release|x86.ActiveCfg = Release|Any CPU
		{D9EBE33A-2B50-4D6D-B540-11AAA0B5B089}.Release|x86.Build.0 = Release|Any CPU
	EndGlobalSection
	GlobalSection(SolutionProperties) = preSolution
		HideSolutionNode = FALSE
	EndGlobalSection
	GlobalSection(ExtensibilityGlobals) = postSolution
		SolutionGuid = {2D23719E-CB25-40C8-8A06-1DFD94291CF6}
	EndGlobalSection
EndGlobal
